
Microsoft Visual Studio Solution File, Format Version 10.00
# Visual Studio 2008
Project("{FAE04EC0-301F-11D3-BF4B-00C04F79EFBC}") = "VolatileReader", "VolatileReader\VolatileReader.csproj", "{19D8EDA6-AFC5-4D0A-856D-AEA41617735D}"
EndProject
Project("{FAE04EC0-301F-11D3-BF4B-00C04F79EFBC}") = "VolatileReader.Registry", "VolatileReader.Registry\VolatileReader.Registry.csproj", "{2E915FA2-A3D8-425F-A896-42B0E6881CDD}"
EndProject
Project("{FAE04EC0-301F-11D3-BF4B-00C04F79EFBC}") = "VolatileReader.Evt", "VolatileReader.Evt\VolatileReader.Evt.csproj", "{61AD6BE4-0093-4A10-9129-8584A2B9697B}"
EndProject
Project("{FAE04EC0-301F-11D3-BF4B-00C04F79EFBC}") = "VolatileReader.Evtx", "VolatileReader.Evtx\VolatileReader.Evtx.csproj", "{24C92A90-D779-4D4B-B5A7-80A514D610D8}"
EndProject
Project("{FAE04EC0-301F-11D3-BF4B-00C04F79EFBC}") = "VolatileReader.Pcap", "VolatileReader.Pcap\VolatileReader.Pcap.csproj", "{1682EBA5-EBC0-48EA-9A67-1AFD6CA1D819}"
EndProject
Project("{FAE04EC0-301F-11D3-BF4B-00C04F79EFBC}") = "VolatileReader.Pagefile", "VolatileReader.Pagefile\VolatileReader.Pagefile.csproj", "{793CF15C-559C-4BE2-8622-5F1CFC3BEB10}"
EndProject
Project("{FAE04EC0-301F-11D3-BF4B-00C04F79EFBC}") = "VolatileRegistryReader", "VolatileRegistryReader\VolatileRegistryReader.csproj", "{6B365594-0E41-41B8-B71B-1B689E4DEB46}"
EndProject
Project("{FAE04EC0-301F-11D3-BF4B-00C04F79EFBC}") = "VolatileEventLogReader", "VolatileEventLogReader\VolatileEventLogReader.csproj", "{68BFDE60-6201-424A-A9BC-B6ECFF4AED72}"
EndProject
Project("{FAE04EC0-301F-11D3-BF4B-00C04F79EFBC}") = "VolatilePcapReader", "VolatilePcapReader\VolatilePcapReader.csproj", "{0AD7A1DE-5423-43AF-8E13-C085C3AD29D6}"
EndProject
Project("{FAE04EC0-301F-11D3-BF4B-00C04F79EFBC}") = "VolatilePagefileReader", "VolatilePagefileReader\VolatilePagefileReader.csproj", "{12AF6FE9-90B5-4634-B261-2359388BA223}"
EndProject
Global
	GlobalSection(SolutionConfigurationPlatforms) = preSolution
		Debug|x86 = Debug|x86
		Release|x86 = Release|x86
	EndGlobalSection
	GlobalSection(ProjectConfigurationPlatforms) = postSolution
		{0AD7A1DE-5423-43AF-8E13-C085C3AD29D6}.Debug|x86.ActiveCfg = Debug|x86
		{0AD7A1DE-5423-43AF-8E13-C085C3AD29D6}.Debug|x86.Build.0 = Debug|x86
		{0AD7A1DE-5423-43AF-8E13-C085C3AD29D6}.Release|x86.ActiveCfg = Release|x86
		{0AD7A1DE-5423-43AF-8E13-C085C3AD29D6}.Release|x86.Build.0 = Release|x86
		{12AF6FE9-90B5-4634-B261-2359388BA223}.Debug|x86.ActiveCfg = Debug|x86
		{12AF6FE9-90B5-4634-B261-2359388BA223}.Debug|x86.Build.0 = Debug|x86
		{12AF6FE9-90B5-4634-B261-2359388BA223}.Release|x86.ActiveCfg = Release|x86
		{12AF6FE9-90B5-4634-B261-2359388BA223}.Release|x86.Build.0 = Release|x86
		{1682EBA5-EBC0-48EA-9A67-1AFD6CA1D819}.Debug|x86.ActiveCfg = Debug|Any CPU
		{1682EBA5-EBC0-48EA-9A67-1AFD6CA1D819}.Debug|x86.Build.0 = Debug|Any CPU
		{1682EBA5-EBC0-48EA-9A67-1AFD6CA1D819}.Release|x86.ActiveCfg = Release|Any CPU
		{1682EBA5-EBC0-48EA-9A67-1AFD6CA1D819}.Release|x86.Build.0 = Release|Any CPU
		{19D8EDA6-AFC5-4D0A-856D-AEA41617735D}.Debug|x86.ActiveCfg = Debug|x86
		{19D8EDA6-AFC5-4D0A-856D-AEA41617735D}.Debug|x86.Build.0 = Debug|x86
		{19D8EDA6-AFC5-4D0A-856D-AEA41617735D}.Release|x86.ActiveCfg = Release|x86
		{19D8EDA6-AFC5-4D0A-856D-AEA41617735D}.Release|x86.Build.0 = Release|x86
		{24C92A90-D779-4D4B-B5A7-80A514D610D8}.Debug|x86.ActiveCfg = Debug|Any CPU
		{24C92A90-D779-4D4B-B5A7-80A514D610D8}.Debug|x86.Build.0 = Debug|Any CPU
		{24C92A90-D779-4D4B-B5A7-80A514D610D8}.Release|x86.ActiveCfg = Release|Any CPU
		{24C92A90-D779-4D4B-B5A7-80A514D610D8}.Release|x86.Build.0 = Release|Any CPU
		{2E915FA2-A3D8-425F-A896-42B0E6881CDD}.Debug|x86.ActiveCfg = Debug|Any CPU
		{2E915FA2-A3D8-425F-A896-42B0E6881CDD}.Debug|x86.Build.0 = Debug|Any CPU
		{2E915FA2-A3D8-425F-A896-42B0E6881CDD}.Release|x86.ActiveCfg = Release|Any CPU
		{2E915FA2-A3D8-425F-A896-42B0E6881CDD}.Release|x86.Build.0 = Release|Any CPU
		{61AD6BE4-0093-4A10-9129-8584A2B9697B}.Debug|x86.ActiveCfg = Debug|Any CPU
		{61AD6BE4-0093-4A10-9129-8584A2B9697B}.Debug|x86.Build.0 = Debug|Any CPU
		{61AD6BE4-0093-4A10-9129-8584A2B9697B}.Release|x86.ActiveCfg = Release|Any CPU
		{61AD6BE4-0093-4A10-9129-8584A2B9697B}.Release|x86.Build.0 = Release|Any CPU
		{68BFDE60-6201-424A-A9BC-B6ECFF4AED72}.Debug|x86.ActiveCfg = Debug|x86
		{68BFDE60-6201-424A-A9BC-B6ECFF4AED72}.Debug|x86.Build.0 = Debug|x86
		{68BFDE60-6201-424A-A9BC-B6ECFF4AED72}.Release|x86.ActiveCfg = Release|x86
		{68BFDE60-6201-424A-A9BC-B6ECFF4AED72}.Release|x86.Build.0 = Release|x86
		{6B365594-0E41-41B8-B71B-1B689E4DEB46}.Debug|x86.ActiveCfg = Debug|x86
		{6B365594-0E41-41B8-B71B-1B689E4DEB46}.Debug|x86.Build.0 = Debug|x86
		{6B365594-0E41-41B8-B71B-1B689E4DEB46}.Release|x86.ActiveCfg = Release|x86
		{6B365594-0E41-41B8-B71B-1B689E4DEB46}.Release|x86.Build.0 = Release|x86
		{793CF15C-559C-4BE2-8622-5F1CFC3BEB10}.Debug|x86.ActiveCfg = Debug|Any CPU
		{793CF15C-559C-4BE2-8622-5F1CFC3BEB10}.Debug|x86.Build.0 = Debug|Any CPU
		{793CF15C-559C-4BE2-8622-5F1CFC3BEB10}.Release|x86.ActiveCfg = Release|Any CPU
		{793CF15C-559C-4BE2-8622-5F1CFC3BEB10}.Release|x86.Build.0 = Release|Any CPU
	EndGlobalSection
	GlobalSection(MonoDevelopProperties) = preSolution
		StartupItem = VolatilePagefileReader\VolatilePagefileReader.csproj
	EndGlobalSection
EndGlobal
